# This file is generated by running "yarn install" inside your project.
# Manual changes might be lost - proceed with caution!

__metadata:
  version: 8
  cacheKey: 10c0

"@agentic-engineering-slides/mascot-render@workspace:.":
  version: 0.0.0-use.local
  resolution: "@agentic-engineering-slides/mascot-render@workspace:."
  dependencies:
    "@mascotbot/core": "npm:^0.3.1"
  languageName: unknown
  linkType: soft

"@mascotbot/core@npm:^0.3.1":
  version: 0.3.1
  resolution: "@mascotbot/core@npm:0.3.1"
  peerDependencies:
    "@rive-app/webgl2": ">=2.37.0"
  peerDependenciesMeta:
    "@rive-app/webgl2":
      optional: true
  checksum: 10c0/a288839177015f7436a90b2d9bb63b333fe94eac992825715b69690542ce5f6ea1535166f8ec5fadfed304600fd44cdb84308161aa59bc11331260da513e87f8
  languageName: node
  linkType: hard
